// !$*UTF8*$!
{
	archiveVersion = 1;
	classes = {
	};
	objectVersion = 77;
	objects = {

/* Begin PBXBuildFile section */
		CD1C8C662E5BB9390001CE7E /* WatchConnectivity.framework in Frameworks */ = {isa = PBXBuildFile; fileRef = CD1C8C652E5BB9390001CE7E /* WatchConnectivity.framework */; };
		CD1C8C812E5BBB150001CE7E /* Job Tracker Companion Watch App.app in Embed Watch Content */ = {isa = PBXBuildFile; fileRef = CD1C8C772E5BBB140001CE7E /* Job Tracker Companion Watch App.app */; settings = {ATTRIBUTES = (RemoveHeadersOnCopy, ); }; };
		CD1C8C852E5BBB220001CE7E /* WatchConnectivity.framework in Frameworks */ = {isa = PBXBuildFile; fileRef = CD1C8C672E5BB9490001CE7E /* WatchConnectivity.framework */; };
		CDDA116A2D579F85007BADFF /* FirebaseAuth in Frameworks */ = {isa = PBXBuildFile; productRef = CDDA11692D579F85007BADFF /* FirebaseAuth */; };
		CDDA116C2D579F85007BADFF /* FirebaseCore in Frameworks */ = {isa = PBXBuildFile; productRef = CDDA116B2D579F85007BADFF /* FirebaseCore */; };
		CDDA116E2D579F85007BADFF /* FirebaseDatabase in Frameworks */ = {isa = PBXBuildFile; productRef = CDDA116D2D579F85007BADFF /* FirebaseDatabase */; };
		CDDA11702D579F85007BADFF /* FirebaseFirestore in Frameworks */ = {isa = PBXBuildFile; productRef = CDDA116F2D579F85007BADFF /* FirebaseFirestore */; };
		CDDA11722D579F85007BADFF /* FirebaseStorage in Frameworks */ = {isa = PBXBuildFile; productRef = CDDA11712D579F85007BADFF /* FirebaseStorage */; };
/* End PBXBuildFile section */

/* Begin PBXContainerItemProxy section */
		CD1C8C7F2E5BBB150001CE7E /* PBXContainerItemProxy */ = {
			isa = PBXContainerItemProxy;
			containerPortal = CDDA11152D579EC0007BADFF /* Project object */;
			proxyType = 1;
			remoteGlobalIDString = CD1C8C762E5BBB140001CE7E;
			remoteInfo = "Job Tracker Companion Watch App";
		};
/* End PBXContainerItemProxy section */

/* Begin PBXCopyFilesBuildPhase section */
		CD3158992E5BB5E00037DF29 /* Embed Watch Content */ = {
			isa = PBXCopyFilesBuildPhase;
			buildActionMask = 2147483647;
			dstPath = "$(CONTENTS_FOLDER_PATH)/Watch";
			dstSubfolderSpec = 16;
			files = (
				CD1C8C812E5BBB150001CE7E /* Job Tracker Companion Watch App.app in Embed Watch Content */,
			);
			name = "Embed Watch Content";
			runOnlyForDeploymentPostprocessing = 0;
		};
		CDA5314B2E6CDE5600F5E950 /* Embed Foundation Extensions */ = {
			isa = PBXCopyFilesBuildPhase;
			buildActionMask = 2147483647;
			dstPath = "";
			dstSubfolderSpec = 13;
			files = (
			);
			name = "Embed Foundation Extensions";
			runOnlyForDeploymentPostprocessing = 0;
		};
/* End PBXCopyFilesBuildPhase section */

/* Begin PBXFileReference section */
		CD1C8C652E5BB9390001CE7E /* WatchConnectivity.framework */ = {isa = PBXFileReference; lastKnownFileType = wrapper.framework; name = WatchConnectivity.framework; path = System/Library/Frameworks/WatchConnectivity.framework; sourceTree = SDKROOT; };
		CD1C8C672E5BB9490001CE7E /* WatchConnectivity.framework */ = {isa = PBXFileReference; lastKnownFileType = wrapper.framework; name = WatchConnectivity.framework; path = Platforms/WatchOS.platform/Developer/SDKs/WatchOS11.5.sdk/System/Library/Frameworks/WatchConnectivity.framework; sourceTree = DEVELOPER_DIR; };
		CD1C8C772E5BBB140001CE7E /* Job Tracker Companion Watch App.app */ = {isa = PBXFileReference; explicitFileType = wrapper.application; includeInIndex = 0; path = "Job Tracker Companion Watch App.app"; sourceTree = BUILT_PRODUCTS_DIR; };
		CDA531392E6CDE5400F5E950 /* Messages.framework */ = {isa = PBXFileReference; lastKnownFileType = wrapper.framework; name = Messages.framework; path = System/Library/Frameworks/Messages.framework; sourceTree = SDKROOT; };
		CDDA111D2D579EC0007BADFF /* Job Tracker.app */ = {isa = PBXFileReference; explicitFileType = wrapper.application; includeInIndex = 0; path = "Job Tracker.app"; sourceTree = BUILT_PRODUCTS_DIR; };
/* End PBXFileReference section */

/* Begin PBXFileSystemSynchronizedRootGroup section */
		CD1C8C782E5BBB140001CE7E /* Job Tracker Companion Watch App */ = {
			isa = PBXFileSystemSynchronizedRootGroup;
			path = "Job Tracker Companion Watch App";
			sourceTree = "<group>";
		};
		CDDA111F2D579EC0007BADFF /* Job Tracker */ = {
			isa = PBXFileSystemSynchronizedRootGroup;
			path = "Job Tracker";
			sourceTree = "<group>";
		};
/* End PBXFileSystemSynchronizedRootGroup section */

/* Begin PBXFrameworksBuildPhase section */
		CD1C8C742E5BBB140001CE7E /* Frameworks */ = {
			isa = PBXFrameworksBuildPhase;
			buildActionMask = 2147483647;
			files = (
				CD1C8C852E5BBB220001CE7E /* WatchConnectivity.framework in Frameworks */,
			);
			runOnlyForDeploymentPostprocessing = 0;
		};
		CDDA111A2D579EC0007BADFF /* Frameworks */ = {
			isa = PBXFrameworksBuildPhase;
			buildActionMask = 2147483647;
			files = (
				CDDA116E2D579F85007BADFF /* FirebaseDatabase in Frameworks */,
				CDDA11702D579F85007BADFF /* FirebaseFirestore in Frameworks */,
				CDDA116C2D579F85007BADFF /* FirebaseCore in Frameworks */,
				CDDA11722D579F85007BADFF /* FirebaseStorage in Frameworks */,
				CDDA116A2D579F85007BADFF /* FirebaseAuth in Frameworks */,
				CD1C8C662E5BB9390001CE7E /* WatchConnectivity.framework in Frameworks */,
			);
			runOnlyForDeploymentPostprocessing = 0;
		};
/* End PBXFrameworksBuildPhase section */

/* Begin PBXGroup section */
		CD1C8C642E5BB9390001CE7E /* Frameworks */ = {
			isa = PBXGroup;
			children = (
				CD1C8C672E5BB9490001CE7E /* WatchConnectivity.framework */,
				CD1C8C652E5BB9390001CE7E /* WatchConnectivity.framework */,
				CDA531392E6CDE5400F5E950 /* Messages.framework */,
			);
			name = Frameworks;
			sourceTree = "<group>";
		};
		CDDA11142D579EC0007BADFF = {
			isa = PBXGroup;
			children = (
				CDDA111F2D579EC0007BADFF /* Job Tracker */,
				CD1C8C782E5BBB140001CE7E /* Job Tracker Companion Watch App */,
				CD1C8C642E5BB9390001CE7E /* Frameworks */,
				CDDA111E2D579EC0007BADFF /* Products */,
			);
			sourceTree = "<group>";
		};
		CDDA111E2D579EC0007BADFF /* Products */ = {
			isa = PBXGroup;
			children = (
				CDDA111D2D579EC0007BADFF /* Job Tracker.app */,
				CD1C8C772E5BBB140001CE7E /* Job Tracker Companion Watch App.app */,
			);
			name = Products;
			sourceTree = "<group>";
		};
/* End PBXGroup section */

/* Begin PBXNativeTarget section */
		CD1C8C762E5BBB140001CE7E /* Job Tracker Companion Watch App */ = {
			isa = PBXNativeTarget;
			buildConfigurationList = CD1C8C822E5BBB150001CE7E /* Build configuration list for PBXNativeTarget "Job Tracker Companion Watch App" */;
			buildPhases = (
				CD1C8C732E5BBB140001CE7E /* Sources */,
				CD1C8C742E5BBB140001CE7E /* Frameworks */,
				CD1C8C752E5BBB140001CE7E /* Resources */,
			);
			buildRules = (
			);
			dependencies = (
			);
			fileSystemSynchronizedGroups = (
				CD1C8C782E5BBB140001CE7E /* Job Tracker Companion Watch App */,
			);
			name = "Job Tracker Companion Watch App";
			packageProductDependencies = (
			);
			productName = "Job Tracker Companion Watch App";
			productReference = CD1C8C772E5BBB140001CE7E /* Job Tracker Companion Watch App.app */;
			productType = "com.apple.product-type.application";
		};
		CDDA111C2D579EC0007BADFF /* Job Tracker */ = {
			isa = PBXNativeTarget;
			buildConfigurationList = CDDA112B2D579EC2007BADFF /* Build configuration list for PBXNativeTarget "Job Tracker" */;
			buildPhases = (
				CDDA11192D579EC0007BADFF /* Sources */,
				CDDA111A2D579EC0007BADFF /* Frameworks */,
				CDDA111B2D579EC0007BADFF /* Resources */,
				CD3158992E5BB5E00037DF29 /* Embed Watch Content */,
				CDA5314B2E6CDE5600F5E950 /* Embed Foundation Extensions */,
			);
			buildRules = (
			);
			dependencies = (
				CD1C8C802E5BBB150001CE7E /* PBXTargetDependency */,
			);
			fileSystemSynchronizedGroups = (
				CDDA111F2D579EC0007BADFF /* Job Tracker */,
			);
			name = "Job Tracker";
			packageProductDependencies = (
				CDDA11692D579F85007BADFF /* FirebaseAuth */,
				CDDA116B2D579F85007BADFF /* FirebaseCore */,
				CDDA116D2D579F85007BADFF /* FirebaseDatabase */,
				CDDA116F2D579F85007BADFF /* FirebaseFirestore */,
				CDDA11712D579F85007BADFF /* FirebaseStorage */,
			);
			productName = "Job Tracker";
			productReference = CDDA111D2D579EC0007BADFF /* Job Tracker.app */;
			productType = "com.apple.product-type.application";
		};
/* End PBXNativeTarget section */

/* Begin PBXProject section */
		CDDA11152D579EC0007BADFF /* Project object */ = {
			isa = PBXProject;
			attributes = {
				BuildIndependentTargetsInParallel = 1;
				LastSwiftUpdateCheck = 1640;
				LastUpgradeCheck = 1640;
				TargetAttributes = {
					CD1C8C762E5BBB140001CE7E = {
						CreatedOnToolsVersion = 16.4;
					};
					CDDA111C2D579EC0007BADFF = {
						CreatedOnToolsVersion = 16.2;
					};
				};
			};
			buildConfigurationList = CDDA11182D579EC0007BADFF /* Build configuration list for PBXProject "Job Tracker" */;
			developmentRegion = en;
			hasScannedForEncodings = 0;
			knownRegions = (
				en,
				Base,
			);
			mainGroup = CDDA11142D579EC0007BADFF;
			minimizedProjectReferenceProxies = 1;
			packageReferences = (
				CDDA11682D579F85007BADFF /* XCRemoteSwiftPackageReference "firebase-ios-sdk" */,
			);
			preferredProjectObjectVersion = 77;
			productRefGroup = CDDA111E2D579EC0007BADFF /* Products */;
			projectDirPath = "";
			projectRoot = "";
			targets = (
				CDDA111C2D579EC0007BADFF /* Job Tracker */,
				CD1C8C762E5BBB140001CE7E /* Job Tracker Companion Watch App */,
			);
		};
/* End PBXProject section */

/* Begin PBXResourcesBuildPhase section */
		CD1C8C752E5BBB140001CE7E /* Resources */ = {
			isa = PBXResourcesBuildPhase;
			buildActionMask = 2147483647;
			files = (
			);
			runOnlyForDeploymentPostprocessing = 0;
		};
		CDDA111B2D579EC0007BADFF /* Resources */ = {
			isa = PBXResourcesBuildPhase;
			buildActionMask = 2147483647;
			files = (
			);
			runOnlyForDeploymentPostprocessing = 0;
		};
/* End PBXResourcesBuildPhase section */

/* Begin PBXSourcesBuildPhase section */
		CD1C8C732E5BBB140001CE7E /* Sources */ = {
			isa = PBXSourcesBuildPhase;
			buildActionMask = 2147483647;
			files = (
			);
			runOnlyForDeploymentPostprocessing = 0;
		};
		CDDA11192D579EC0007BADFF /* Sources */ = {
			isa = PBXSourcesBuildPhase;
			buildActionMask = 2147483647;
			files = (
			);
			runOnlyForDeploymentPostprocessing = 0;
		};
/* End PBXSourcesBuildPhase section */

/* Begin PBXTargetDependency section */
		CD1C8C802E5BBB150001CE7E /* PBXTargetDependency */ = {
			isa = PBXTargetDependency;
			target = CD1C8C762E5BBB140001CE7E /* Job Tracker Companion Watch App */;
			targetProxy = CD1C8C7F2E5BBB150001CE7E /* PBXContainerItemProxy */;
		};
/* End PBXTargetDependency section */

/* Begin XCBuildConfiguration section */
		CD1C8C832E5BBB150001CE7E /* Debug */ = {
			isa = XCBuildConfiguration;
			buildSettings = {
				ASSETCATALOG_COMPILER_APPICON_NAME = AppIcon;
				ASSETCATALOG_COMPILER_GLOBAL_ACCENT_COLOR_NAME = AccentColor;
				CODE_SIGN_STYLE = Automatic;
				CURRENT_PROJECT_VERSION = 1;
				ENABLE_PREVIEWS = YES;
				GENERATE_INFOPLIST_FILE = YES;
				INFOPLIST_KEY_CFBundleDisplayName = "Job Tracker Companion";
				INFOPLIST_KEY_UISupportedInterfaceOrientations = "UIInterfaceOrientationPortrait UIInterfaceOrientationPortraitUpsideDown";
				INFOPLIST_KEY_WKCompanionAppBundleIdentifier = "com.quinton.Job-Tracker-CS25";
				LD_RUNPATH_SEARCH_PATHS = (
					"$(inherited)",
					"@executable_path/Frameworks",
				);
				MARKETING_VERSION = 1.0;
				PRODUCT_BUNDLE_IDENTIFIER = "com.quinton.Job-Tracker-CS25.watchkitapp";
				PRODUCT_NAME = "$(TARGET_NAME)";
				SDKROOT = watchos;
				SKIP_INSTALL = YES;
				SWIFT_EMIT_LOC_STRINGS = YES;
				SWIFT_VERSION = 5.0;
				TARGETED_DEVICE_FAMILY = 4;
				WATCHOS_DEPLOYMENT_TARGET = 11.0;
			};
			name = Debug;
		};
		CD1C8C842E5BBB150001CE7E /* Release */ = {
			isa = XCBuildConfiguration;
			buildSettings = {
				ASSETCATALOG_COMPILER_APPICON_NAME = AppIcon;
				ASSETCATALOG_COMPILER_GLOBAL_ACCENT_COLOR_NAME = AccentColor;
				CODE_SIGN_STYLE = Automatic;
				CURRENT_PROJECT_VERSION = 1;
				ENABLE_PREVIEWS = YES;
				GENERATE_INFOPLIST_FILE = YES;
				INFOPLIST_KEY_CFBundleDisplayName = "Job Tracker Companion";
				INFOPLIST_KEY_UISupportedInterfaceOrientations = "UIInterfaceOrientationPortrait UIInterfaceOrientationPortraitUpsideDown";
				INFOPLIST_KEY_WKCompanionAppBundleIdentifier = "com.quinton.Job-Tracker-CS25";
				LD_RUNPATH_SEARCH_PATHS = (
					"$(inherited)",
					"@executable_path/Frameworks",
				);
				MARKETING_VERSION = 1.0;
				PRODUCT_BUNDLE_IDENTIFIER = "com.quinton.Job-Tracker-CS25.watchkitapp";
				PRODUCT_NAME = "$(TARGET_NAME)";
				SDKROOT = watchos;
				SKIP_INSTALL = YES;
				SWIFT_EMIT_LOC_STRINGS = YES;
				SWIFT_VERSION = 5.0;
				TARGETED_DEVICE_FAMILY = 4;
				WATCHOS_DEPLOYMENT_TARGET = 11.0;
			};
			name = Release;
		};
		CDDA11292D579EC2007BADFF /* Debug */ = {
			isa = XCBuildConfiguration;
			buildSettings = {
				ALWAYS_SEARCH_USER_PATHS = NO;
				ASSETCATALOG_COMPILER_GENERATE_SWIFT_ASSET_SYMBOL_EXTENSIONS = YES;
				CLANG_ANALYZER_NONNULL = YES;
				CLANG_ANALYZER_NUMBER_OBJECT_CONVERSION = YES_AGGRESSIVE;
				CLANG_CXX_LANGUAGE_STANDARD = "gnu++20";
				CLANG_ENABLE_MODULES = YES;
				CLANG_ENABLE_OBJC_ARC = YES;
				CLANG_ENABLE_OBJC_WEAK = YES;
				CLANG_WARN_BLOCK_CAPTURE_AUTORELEASING = YES;
				CLANG_WARN_BOOL_CONVERSION = YES;
				CLANG_WARN_COMMA = YES;
				CLANG_WARN_CONSTANT_CONVERSION = YES;
				CLANG_WARN_DEPRECATED_OBJC_IMPLEMENTATIONS = YES;
				CLANG_WARN_DIRECT_OBJC_ISA_USAGE = YES_ERROR;
				CLANG_WARN_DOCUMENTATION_COMMENTS = YES;
				CLANG_WARN_EMPTY_BODY = YES;
				CLANG_WARN_ENUM_CONVERSION = YES;
				CLANG_WARN_INFINITE_RECURSION = YES;
				CLANG_WARN_INT_CONVERSION = YES;
				CLANG_WARN_NON_LITERAL_NULL_CONVERSION = YES;
				CLANG_WARN_OBJC_IMPLICIT_RETAIN_SELF = YES;
				CLANG_WARN_OBJC_LITERAL_CONVERSION = YES;
				CLANG_WARN_OBJC_ROOT_CLASS = YES_ERROR;
				CLANG_WARN_QUOTED_INCLUDE_IN_FRAMEWORK_HEADER = YES;
				CLANG_WARN_RANGE_LOOP_ANALYSIS = YES;
				CLANG_WARN_STRICT_PROTOTYPES = YES;
				CLANG_WARN_SUSPICIOUS_MOVE = YES;
				CLANG_WARN_UNGUARDED_AVAILABILITY = YES_AGGRESSIVE;
				CLANG_WARN_UNREACHABLE_CODE = YES;
				CLANG_WARN__DUPLICATE_METHOD_MATCH = YES;
				COPY_PHASE_STRIP = NO;
				DEBUG_INFORMATION_FORMAT = dwarf;
				DEVELOPMENT_TEAM = Z2Z5T47373;
				ENABLE_STRICT_OBJC_MSGSEND = YES;
				ENABLE_TESTABILITY = YES;
				ENABLE_USER_SCRIPT_SANDBOXING = YES;
				GCC_C_LANGUAGE_STANDARD = gnu17;
				GCC_DYNAMIC_NO_PIC = NO;
				GCC_NO_COMMON_BLOCKS = YES;
				GCC_OPTIMIZATION_LEVEL = 0;
				GCC_PREPROCESSOR_DEFINITIONS = (
					"DEBUG=1",
					"$(inherited)",
				);
				GCC_WARN_64_TO_32_BIT_CONVERSION = YES;
				GCC_WARN_ABOUT_RETURN_TYPE = YES_ERROR;
				GCC_WARN_UNDECLARED_SELECTOR = YES;
				GCC_WARN_UNINITIALIZED_AUTOS = YES_AGGRESSIVE;
				GCC_WARN_UNUSED_FUNCTION = YES;
				GCC_WARN_UNUSED_VARIABLE = YES;
				IPHONEOS_DEPLOYMENT_TARGET = 18.2;
				LOCALIZATION_PREFERS_STRING_CATALOGS = YES;
				MTL_ENABLE_DEBUG_INFO = INCLUDE_SOURCE;
				MTL_FAST_MATH = YES;
				ONLY_ACTIVE_ARCH = YES;
				SDKROOT = iphoneos;
				SWIFT_ACTIVE_COMPILATION_CONDITIONS = "DEBUG $(inherited)";
				SWIFT_OPTIMIZATION_LEVEL = "-Onone";
			};
			name = Debug;
		};
		CDDA112A2D579EC2007BADFF /* Release */ = {
			isa = XCBuildConfiguration;
			buildSettings = {
				ALWAYS_SEARCH_USER_PATHS = NO;
				ASSETCATALOG_COMPILER_GENERATE_SWIFT_ASSET_SYMBOL_EXTENSIONS = YES;
				CLANG_ANALYZER_NONNULL = YES;
				CLANG_ANALYZER_NUMBER_OBJECT_CONVERSION = YES_AGGRESSIVE;
				CLANG_CXX_LANGUAGE_STANDARD = "gnu++20";
				CLANG_ENABLE_MODULES = YES;
				CLANG_ENABLE_OBJC_ARC = YES;
				CLANG_ENABLE_OBJC_WEAK = YES;
				CLANG_WARN_BLOCK_CAPTURE_AUTORELEASING = YES;
				CLANG_WARN_BOOL_CONVERSION = YES;
				CLANG_WARN_COMMA = YES;
				CLANG_WARN_CONSTANT_CONVERSION = YES;
				CLANG_WARN_DEPRECATED_OBJC_IMPLEMENTATIONS = YES;
				CLANG_WARN_DIRECT_OBJC_ISA_USAGE = YES_ERROR;
				CLANG_WARN_DOCUMENTATION_COMMENTS = YES;
				CLANG_WARN_EMPTY_BODY = YES;
				CLANG_WARN_ENUM_CONVERSION = YES;
				CLANG_WARN_INFINITE_RECURSION = YES;
				CLANG_WARN_INT_CONVERSION = YES;
				CLANG_WARN_NON_LITERAL_NULL_CONVERSION = YES;
				CLANG_WARN_OBJC_IMPLICIT_RETAIN_SELF = YES;
				CLANG_WARN_OBJC_LITERAL_CONVERSION = YES;
				CLANG_WARN_OBJC_ROOT_CLASS = YES_ERROR;
				CLANG_WARN_QUOTED_INCLUDE_IN_FRAMEWORK_HEADER = YES;
				CLANG_WARN_RANGE_LOOP_ANALYSIS = YES;
				CLANG_WARN_STRICT_PROTOTYPES = YES;
				CLANG_WARN_SUSPICIOUS_MOVE = YES;
				CLANG_WARN_UNGUARDED_AVAILABILITY = YES_AGGRESSIVE;
				CLANG_WARN_UNREACHABLE_CODE = YES;
				CLANG_WARN__DUPLICATE_METHOD_MATCH = YES;
				COPY_PHASE_STRIP = NO;
				DEBUG_INFORMATION_FORMAT = "dwarf-with-dsym";
				DEVELOPMENT_TEAM = Z2Z5T47373;
				ENABLE_NS_ASSERTIONS = NO;
				ENABLE_STRICT_OBJC_MSGSEND = YES;
				ENABLE_USER_SCRIPT_SANDBOXING = YES;
				GCC_C_LANGUAGE_STANDARD = gnu17;
				GCC_NO_COMMON_BLOCKS = YES;
				GCC_WARN_64_TO_32_BIT_CONVERSION = YES;
				GCC_WARN_ABOUT_RETURN_TYPE = YES_ERROR;
				GCC_WARN_UNDECLARED_SELECTOR = YES;
				GCC_WARN_UNINITIALIZED_AUTOS = YES_AGGRESSIVE;
				GCC_WARN_UNUSED_FUNCTION = YES;
				GCC_WARN_UNUSED_VARIABLE = YES;
				IPHONEOS_DEPLOYMENT_TARGET = 18.2;
				LOCALIZATION_PREFERS_STRING_CATALOGS = YES;
				MTL_ENABLE_DEBUG_INFO = NO;
				MTL_FAST_MATH = YES;
				SDKROOT = iphoneos;
				SWIFT_COMPILATION_MODE = wholemodule;
				VALIDATE_PRODUCT = YES;
			};
			name = Release;
		};
		CDDA112C2D579EC2007BADFF /* Debug */ = {
			isa = XCBuildConfiguration;
			buildSettings = {
				ASSETCATALOG_COMPILER_APPICON_NAME = AppIcon;
				ASSETCATALOG_COMPILER_GLOBAL_ACCENT_COLOR_NAME = AccentColor;
				CODE_SIGN_ENTITLEMENTS = "Job Tracker/Job Tracker.entitlements";
				CODE_SIGN_IDENTITY = "Apple Development";
				CODE_SIGN_STYLE = Automatic;
				CURRENT_PROJECT_VERSION = 10;
				DEVELOPMENT_ASSET_PATHS = "\"Job Tracker/Preview Content\"";
				DEVELOPMENT_TEAM = Z2Z5T47373;
				ENABLE_PREVIEWS = YES;
				GENERATE_INFOPLIST_FILE = YES;
				INFOPLIST_FILE = "Job-Tracker-Info.plist";
				INFOPLIST_KEY_LSApplicationCategoryType = "public.app-category.utilities";
				INFOPLIST_KEY_NSLocationAlwaysAndWhenInUseUsageDescription = "We need your location to sort jobs for route tracking";
                                INFOPLIST_KEY_NSLocationWhenInUseUsageDescription = "We need your location to sort jobs for automatic routing";
                                INFOPLIST_KEY_UIBackgroundModes = (
                                        location,
                                );
                                INFOPLIST_KEY_UIApplicationSceneManifest_Generation = YES;
				INFOPLIST_KEY_UIApplicationSupportsIndirectInputEvents = YES;
				INFOPLIST_KEY_UILaunchScreen_Generation = YES;
				INFOPLIST_KEY_UISupportedInterfaceOrientations = UIInterfaceOrientationPortrait;
				INFOPLIST_KEY_UISupportedInterfaceOrientations_iPad = "UIInterfaceOrientationLandscapeLeft UIInterfaceOrientationLandscapeRight UIInterfaceOrientationPortrait UIInterfaceOrientationPortraitUpsideDown";
				IPHONEOS_DEPLOYMENT_TARGET = 16.0;
				LD_RUNPATH_SEARCH_PATHS = (
					"$(inherited)",
					"@executable_path/Frameworks",
				);
				MARKETING_VERSION = 2.1.1;
				PRODUCT_BUNDLE_IDENTIFIER = "com.quinton.Job-Tracker-CS25";
				PRODUCT_NAME = "$(TARGET_NAME)";
				PROVISIONING_PROFILE_SPECIFIER = "";
				SUPPORTED_PLATFORMS = "iphoneos iphonesimulator";
				SUPPORTS_MACCATALYST = NO;
				SUPPORTS_MAC_DESIGNED_FOR_IPHONE_IPAD = NO;
				SUPPORTS_XR_DESIGNED_FOR_IPHONE_IPAD = NO;
				SWIFT_EMIT_LOC_STRINGS = YES;
				SWIFT_VERSION = 5.0;
				TARGETED_DEVICE_FAMILY = "1,2";
			};
			name = Debug;
		};
		CDDA112D2D579EC2007BADFF /* Release */ = {
			isa = XCBuildConfiguration;
			buildSettings = {
				ASSETCATALOG_COMPILER_APPICON_NAME = AppIcon;
				ASSETCATALOG_COMPILER_GLOBAL_ACCENT_COLOR_NAME = AccentColor;
				CODE_SIGN_ENTITLEMENTS = "Job Tracker/Job Tracker.entitlements";
				CODE_SIGN_IDENTITY = "Apple Development";
				CODE_SIGN_STYLE = Automatic;
				CURRENT_PROJECT_VERSION = 10;
				DEVELOPMENT_ASSET_PATHS = "\"Job Tracker/Preview Content\"";
				DEVELOPMENT_TEAM = Z2Z5T47373;
				ENABLE_PREVIEWS = YES;
				GENERATE_INFOPLIST_FILE = YES;
				INFOPLIST_FILE = "Job-Tracker-Info.plist";
				INFOPLIST_KEY_LSApplicationCategoryType = "public.app-category.utilities";
				INFOPLIST_KEY_NSLocationAlwaysAndWhenInUseUsageDescription = "We need your location to sort jobs for route tracking";
                                INFOPLIST_KEY_NSLocationWhenInUseUsageDescription = "We need your location to sort jobs for automatic routing";
                                INFOPLIST_KEY_UIBackgroundModes = (
                                        location,
                                );
                                INFOPLIST_KEY_UIApplicationSceneManifest_Generation = YES;
				INFOPLIST_KEY_UIApplicationSupportsIndirectInputEvents = YES;
				INFOPLIST_KEY_UILaunchScreen_Generation = YES;
				INFOPLIST_KEY_UISupportedInterfaceOrientations = UIInterfaceOrientationPortrait;
				INFOPLIST_KEY_UISupportedInterfaceOrientations_iPad = "UIInterfaceOrientationLandscapeLeft UIInterfaceOrientationLandscapeRight UIInterfaceOrientationPortrait UIInterfaceOrientationPortraitUpsideDown";
				IPHONEOS_DEPLOYMENT_TARGET = 16.0;
				LD_RUNPATH_SEARCH_PATHS = (
					"$(inherited)",
					"@executable_path/Frameworks",
				);
				MARKETING_VERSION = 2.1.1;
				PRODUCT_BUNDLE_IDENTIFIER = "com.quinton.Job-Tracker-CS25";
				PRODUCT_NAME = "$(TARGET_NAME)";
				PROVISIONING_PROFILE_SPECIFIER = "";
				SUPPORTED_PLATFORMS = "iphoneos iphonesimulator";
				SUPPORTS_MACCATALYST = NO;
				SUPPORTS_MAC_DESIGNED_FOR_IPHONE_IPAD = NO;
				SUPPORTS_XR_DESIGNED_FOR_IPHONE_IPAD = NO;
				SWIFT_EMIT_LOC_STRINGS = YES;
				SWIFT_VERSION = 5.0;
				TARGETED_DEVICE_FAMILY = "1,2";
			};
			name = Release;
		};
/* End XCBuildConfiguration section */

/* Begin XCConfigurationList section */
		CD1C8C822E5BBB150001CE7E /* Build configuration list for PBXNativeTarget "Job Tracker Companion Watch App" */ = {
			isa = XCConfigurationList;
			buildConfigurations = (
				CD1C8C832E5BBB150001CE7E /* Debug */,
				CD1C8C842E5BBB150001CE7E /* Release */,
			);
			defaultConfigurationIsVisible = 0;
			defaultConfigurationName = Release;
		};
		CDDA11182D579EC0007BADFF /* Build configuration list for PBXProject "Job Tracker" */ = {
			isa = XCConfigurationList;
			buildConfigurations = (
				CDDA11292D579EC2007BADFF /* Debug */,
				CDDA112A2D579EC2007BADFF /* Release */,
			);
			defaultConfigurationIsVisible = 0;
			defaultConfigurationName = Release;
		};
		CDDA112B2D579EC2007BADFF /* Build configuration list for PBXNativeTarget "Job Tracker" */ = {
			isa = XCConfigurationList;
			buildConfigurations = (
				CDDA112C2D579EC2007BADFF /* Debug */,
				CDDA112D2D579EC2007BADFF /* Release */,
			);
			defaultConfigurationIsVisible = 0;
			defaultConfigurationName = Release;
		};
/* End XCConfigurationList section */

/* Begin XCRemoteSwiftPackageReference section */
		CDDA11682D579F85007BADFF /* XCRemoteSwiftPackageReference "firebase-ios-sdk" */ = {
			isa = XCRemoteSwiftPackageReference;
			repositoryURL = "https://github.com/firebase/firebase-ios-sdk.git";
			requirement = {
				kind = upToNextMajorVersion;
				minimumVersion = 11.8.1;
			};
		};
/* End XCRemoteSwiftPackageReference section */

/* Begin XCSwiftPackageProductDependency section */
		CDDA11692D579F85007BADFF /* FirebaseAuth */ = {
			isa = XCSwiftPackageProductDependency;
			package = CDDA11682D579F85007BADFF /* XCRemoteSwiftPackageReference "firebase-ios-sdk" */;
			productName = FirebaseAuth;
		};
		CDDA116B2D579F85007BADFF /* FirebaseCore */ = {
			isa = XCSwiftPackageProductDependency;
			package = CDDA11682D579F85007BADFF /* XCRemoteSwiftPackageReference "firebase-ios-sdk" */;
			productName = FirebaseCore;
		};
		CDDA116D2D579F85007BADFF /* FirebaseDatabase */ = {
			isa = XCSwiftPackageProductDependency;
			package = CDDA11682D579F85007BADFF /* XCRemoteSwiftPackageReference "firebase-ios-sdk" */;
			productName = FirebaseDatabase;
		};
		CDDA116F2D579F85007BADFF /* FirebaseFirestore */ = {
			isa = XCSwiftPackageProductDependency;
			package = CDDA11682D579F85007BADFF /* XCRemoteSwiftPackageReference "firebase-ios-sdk" */;
			productName = FirebaseFirestore;
		};
		CDDA11712D579F85007BADFF /* FirebaseStorage */ = {
			isa = XCSwiftPackageProductDependency;
			package = CDDA11682D579F85007BADFF /* XCRemoteSwiftPackageReference "firebase-ios-sdk" */;
			productName = FirebaseStorage;
		};
/* End XCSwiftPackageProductDependency section */
	};
	rootObject = CDDA11152D579EC0007BADFF /* Project object */;
}
